
Microsoft Visual Studio Solution File, Format Version 12.00
# Visual Studio 15
VisualStudioVersion = 15.0.28010.2046
MinimumVisualStudioVersion = 10.0.40219.1
Project("{FAE04EC0-301F-11D3-BF4B-00C04F79EFBC}") = "RippleServerSwitcher", "RippleServerSwitcher\RippleServerSwitcher.csproj", "{531FCBC2-A61A-48B3-A296-C7A39E7974AD}"
EndProject
Project("{FAE04EC0-301F-11D3-BF4B-00C04F79EFBC}") = "UpdateUnpacker", "UpdaterUnpacker\UpdateUnpacker.csproj", "{869056B1-E96F-41C1-8EA3-9D23E8E63AFE}"
EndProject
Project("{FAE04EC0-301F-11D3-BF4B-00C04F79EFBC}") = "UpdaterMigrator", "UpdaterMigrator\UpdaterMigrator.csproj", "{0E8F063D-1018-46A3-ADD0-6D3232A7DA32}"
EndProject
Global
	GlobalSection(SolutionConfigurationPlatforms) = preSolution
		Debug|Any CPU = Debug|Any CPU
		Release|Any CPU = Release|Any CPU
	EndGlobalSection
	GlobalSection(ProjectConfigurationPlatforms) = postSolution
		{531FCBC2-A61A-48B3-A296-C7A39E7974AD}.Debug|Any CPU.ActiveCfg = Debug|Any CPU
		{531FCBC2-A61A-48B3-A296-C7A39E7974AD}.Debug|Any CPU.Build.0 = Debug|Any CPU
		{531FCBC2-A61A-48B3-A296-C7A39E7974AD}.Release|Any CPU.ActiveCfg = Release|Any CPU
		{531FCBC2-A61A-48B3-A296-C7A39E7974AD}.Release|Any CPU.Build.0 = Release|Any CPU
		{869056B1-E96F-41C1-8EA3-9D23E8E63AFE}.Debug|Any CPU.ActiveCfg = Debug|Any CPU
		{869056B1-E96F-41C1-8EA3-9D23E8E63AFE}.Debug|Any CPU.Build.0 = Debug|Any CPU
		{869056B1-E96F-41C1-8EA3-9D23E8E63AFE}.Release|Any CPU.ActiveCfg = Release|Any CPU
		{869056B1-E96F-41C1-8EA3-9D23E8E63AFE}.Release|Any CPU.Build.0 = Release|Any CPU
		{0E8F063D-1018-46A3-ADD0-6D3232A7DA32}.Debug|Any CPU.ActiveCfg = Debug|Any CPU
		{0E8F063D-1018-46A3-ADD0-6D3232A7DA32}.Debug|Any CPU.Build.0 = Debug|Any CPU
		{0E8F063D-1018-46A3-ADD0-6D3232A7DA32}.Release|Any CPU.ActiveCfg = Release|Any CPU
		{0E8F063D-1018-46A3-ADD0-6D3232A7DA32}.Release|Any CPU.Build.0 = Release|Any CPU
	EndGlobalSection
	GlobalSection(SolutionProperties) = preSolution
		HideSolutionNode = FALSE
	EndGlobalSection
	GlobalSection(ExtensibilityGlobals) = postSolution
		SolutionGuid = {B984DDA2-3BAD-429F-98D2-0F834083D22B}
	EndGlobalSection
EndGlobal
